{
  "version": 4,
  "terraform_version": "1.1.8",
  "serial": 9,
  "lineage": "b2f557e8-71e9-0600-0d81-62db8a85d1de",
  "outputs": {
    "endpoint": {
      "value": "35.195.181.224",
      "type": "string"
    },
    "name": {
      "value": "eck-eck",
      "type": "string"
    }
  },
  "resources": [
    {
      "mode": "managed",
      "type": "google_container_cluster",
      "name": "_",
      "provider": "provider[\"registry.terraform.io/hashicorp/google\"]",
      "instances": [
        {
          "schema_version": 1,
          "attributes": {
            "addons_config": [
              {
                "cloudrun_config": [],
                "horizontal_pod_autoscaling": [],
                "http_load_balancing": [],
                "network_policy_config": [
                  {
                    "disabled": true
                  }
                ]
              }
            ],
            "authenticator_groups_config": [],
            "cluster_autoscaling": [
              {
                "auto_provisioning_defaults": [],
                "enabled": false,
                "resource_limits": []
              }
            ],
            "cluster_ipv4_cidr": "10.0.0.0/14",
            "confidential_nodes": [],
            "database_encryption": [
              {
                "key_name": "",
                "state": "DECRYPTED"
              }
            ],
            "datapath_provider": "",
            "default_max_pods_per_node": null,
            "default_snat_status": [
              {
                "disabled": false
              }
            ],
            "description": "",
            "enable_autopilot": false,
            "enable_binary_authorization": false,
            "enable_intranode_visibility": false,
            "enable_kubernetes_alpha": false,
            "enable_legacy_abac": false,
            "enable_shielded_nodes": true,
            "enable_tpu": false,
            "endpoint": "35.195.181.224",
            "id": "projects/elastic-support-k8s-dev/locations/europe-west1/clusters/eck-eck",
            "initial_node_count": 0,
            "ip_allocation_policy": [],
            "label_fingerprint": "a9dc16a7",
            "location": "europe-west1",
            "logging_config": [
              {
                "enable_components": [
                  "SYSTEM_COMPONENTS",
                  "WORKLOADS"
                ]
              }
            ],
            "logging_service": "logging.googleapis.com/kubernetes",
            "maintenance_policy": [],
            "master_auth": [
              {
                "client_certificate": "",
                "client_certificate_config": [
                  {
                    "issue_client_certificate": false
                  }
                ],
                "client_key": "",
                "cluster_ca_certificate": "LS0tLS1CRUdJTiBDRVJUSUZJQ0FURS0tLS0tCk1JSUVMVENDQXBXZ0F3SUJBZ0lSQU1WT0dIU1FlRS9QQmdvd01ZdGV3Z293RFFZSktvWklodmNOQVFFTEJRQXcKTHpFdE1Dc0dBMVVFQXhNa05ETXdZVGhrWmpndE1qWTNOQzAwWXpNM0xUa3dOV1l0WWpZd05XTmxaRGRoWlRKawpNQ0FYRFRJeU1EUXhPVEV5TWpZd09Wb1lEekl3TlRJd05ERXhNVE15TmpBNVdqQXZNUzB3S3dZRFZRUURFeVEwCk16QmhPR1JtT0MweU5qYzBMVFJqTXpjdE9UQTFaaTFpTmpBMVkyVmtOMkZsTW1Rd2dnR2lNQTBHQ1NxR1NJYjMKRFFFQkFRVUFBNElCandBd2dnR0tBb0lCZ1FESmJlbFliZ2k5WTlSVlJyOEZOVFcvanlIczRlVDhLbEthODkzZgpsU00rQS9EZWFxb0N2ZHExVU9NRzI4YkNIbUJPYXpoNHBrWHNJSDFUTjRnNzIvUG9RSTJ3aHpsaUVvQ0gyOVRICnFORUQ0US9xTXI2QzA3N0RNNWp6RWxDOUYyRTRUMVlraEcvK0h3dm5NMks5S0lJQUJvZWxwSGxtTC96Qlg0alQKOExPTlRMb20zbzBtUitwcytnekowc2NxdnZONzNxc2FtWXRjTEpHeXlxM1hVdWRoaDN5S2QyNTQ3Z2J2dmR0SwpwU1RZN2JSWHE2MTFsK0w5UHBUM3JRUG8yWXdtU1Y5Q3QxWnBsd1pQRExDNEIwL3hBZlRjT3doMTdkTGU2RjRKClpWTWRhQTBJeTBROU9NSWcxYm5ZbWtYSlBxSmcxaWdNYVhLNk9rS3oyZ3VJNW5US1BTeTJITEdDU1luMG96dEcKb05wcEpzOEVmNlJzTzFlbTVQS0hpc3JkNWthVS9DbWhORzFaQnU5MXRsOHRKYlh0L0dCdUVBTGJyUkpSc0hVLwozU3pBeXFGYnZ3SXFEVUV0SXk3V3lOcStlNFp5OUpRYWJCY3FPMGJIeTdjUGpFdVBPbkVsSDlQRmxCd3ZZcTgyCnphZXNFdkpHeHJvUGlFRGE5OGw3QmlSdkFQTUNBd0VBQWFOQ01FQXdEZ1lEVlIwUEFRSC9CQVFEQWdJRU1BOEcKQTFVZEV3RUIvd1FGTUFNQkFmOHdIUVlEVlIwT0JCWUVGRUdwMFhqY3FhZG1oNVdJbm9ER2pPbDdpZzNpTUEwRwpDU3FHU0liM0RRRUJDd1VBQTRJQmdRQlBZRTRSY25oQVJrMHR5WEgxSGZ4ZkRYRzZqeGRCMUVPL3NXOVhvS00xCmVQd0x5b2RlbnlJWDVYQTZaVFhqNU84K3ppZHVReHhTRHRvTmhJdnZYS1oxSlZiSjdwSWYrTkpJV2FQSmRKZlQKZmV3Q2tZcCs2bHhtUG13b1JudjJybitoTE5pTDdaL1F4QStVZ2piRUk4YUpBRjF3NzdFZUVZZTBsSGt1YTdoRgpLZDFCVzlCMjRpNHJFc0s2d2ZyR1h2eG1KYmlpREFlemVSbEJlNDhoZTFLbGFaMkFqQkx6dWRQdzg4MWxJT1FwCmdXUVBQWUNhQU9DeTJGU09QLzBWcmtqbEpPZmgrRWl4MzlaVjdTMkd5TGd2M0lRR1Q0V3VUZXFvWFU3ZlVuUkYKYkpISlRZWW5sYkswbUtSNlRVdU5ROGdZbTYwbmJZd3p5WXAxYlY1NjRDdjhTNWg4dWtvK1NIRi85aTI1Mkl4aQo2UU1LSEF0ZkFkekgzcnlEb2hjTk1KWEFKMVJpa3BrN3dLNUs5Y3pHRGhHQnRaZC9ZREw0OWVxZnhNb0N6MlRiCjlHY3ZzOU5yelVKMTZIeEh6TWMwUGxYNUdVd2dVc3pWV1R6NWhWRDlUYkNSdHZzVTBpVStya0dvRXJmaCtKeFUKb3Vvd3IzcFJHcG1hbFcrcGRQMjk1UHc9Ci0tLS0tRU5EIENFUlRJRklDQVRFLS0tLS0K"
              }
            ],
            "master_authorized_networks_config": [],
            "master_version": "1.21.6-gke.1503",
            "min_master_version": null,
            "monitoring_config": [
              {
                "enable_components": [
                  "SYSTEM_COMPONENTS"
                ]
              }
            ],
            "monitoring_service": "monitoring.googleapis.com/kubernetes",
            "name": "eck-eck",
            "network": "projects/elastic-support-k8s-dev/global/networks/default",
            "network_policy": [
              {
                "enabled": false,
                "provider": "PROVIDER_UNSPECIFIED"
              }
            ],
            "networking_mode": "ROUTES",
            "node_config": [
              {
                "boot_disk_kms_key": "",
                "disk_size_gb": 100,
                "disk_type": "pd-standard",
                "gcfs_config": [],
                "guest_accelerator": [],
                "image_type": "COS_CONTAINERD",
                "labels": {},
                "local_ssd_count": 0,
                "machine_type": "e2-medium",
                "metadata": {
                  "disable-legacy-endpoints": "true"
                },
                "min_cpu_platform": "",
                "node_group": "",
                "oauth_scopes": [
                  "https://www.googleapis.com/auth/devstorage.read_only",
                  "https://www.googleapis.com/auth/logging.write",
                  "https://www.googleapis.com/auth/monitoring",
                  "https://www.googleapis.com/auth/service.management.readonly",
                  "https://www.googleapis.com/auth/servicecontrol",
                  "https://www.googleapis.com/auth/trace.append"
                ],
                "preemptible": false,
                "service_account": "default",
                "shielded_instance_config": [
                  {
                    "enable_integrity_monitoring": true,
                    "enable_secure_boot": false
                  }
                ],
                "tags": [],
                "taint": [],
                "workload_metadata_config": []
              }
            ],
            "node_locations": [
              "europe-west1-b",
              "europe-west1-c",
              "europe-west1-d"
            ],
            "node_pool": [
              {
                "autoscaling": [],
                "initial_node_count": 0,
                "instance_group_urls": [
                  "https://www.googleapis.com/compute/v1/projects/elastic-support-k8s-dev/zones/europe-west1-d/instanceGroupManagers/gke-eck-eck-builtin-33627cf7-grp",
                  "https://www.googleapis.com/compute/v1/projects/elastic-support-k8s-dev/zones/europe-west1-b/instanceGroupManagers/gke-eck-eck-builtin-7dbe36ba-grp",
                  "https://www.googleapis.com/compute/v1/projects/elastic-support-k8s-dev/zones/europe-west1-c/instanceGroupManagers/gke-eck-eck-builtin-9c6f8fd3-grp"
                ],
                "managed_instance_group_urls": [
                  "https://www.googleapis.com/compute/v1/projects/elastic-support-k8s-dev/zones/europe-west1-d/instanceGroups/gke-eck-eck-builtin-33627cf7-grp",
                  "https://www.googleapis.com/compute/v1/projects/elastic-support-k8s-dev/zones/europe-west1-b/instanceGroups/gke-eck-eck-builtin-7dbe36ba-grp",
                  "https://www.googleapis.com/compute/v1/projects/elastic-support-k8s-dev/zones/europe-west1-c/instanceGroups/gke-eck-eck-builtin-9c6f8fd3-grp"
                ],
                "management": [
                  {
                    "auto_repair": true,
                    "auto_upgrade": true
                  }
                ],
                "max_pods_per_node": 0,
                "name": "builtin",
                "name_prefix": "",
                "node_config": [
                  {
                    "boot_disk_kms_key": "",
                    "disk_size_gb": 100,
                    "disk_type": "pd-standard",
                    "gcfs_config": [],
                    "guest_accelerator": [],
                    "image_type": "COS_CONTAINERD",
                    "labels": {},
                    "local_ssd_count": 0,
                    "machine_type": "e2-medium",
                    "metadata": {
                      "disable-legacy-endpoints": "true"
                    },
                    "min_cpu_platform": "",
                    "node_group": "",
                    "oauth_scopes": [
                      "https://www.googleapis.com/auth/devstorage.read_only",
                      "https://www.googleapis.com/auth/logging.write",
                      "https://www.googleapis.com/auth/monitoring",
                      "https://www.googleapis.com/auth/service.management.readonly",
                      "https://www.googleapis.com/auth/servicecontrol",
                      "https://www.googleapis.com/auth/trace.append"
                    ],
                    "preemptible": false,
                    "service_account": "default",
                    "shielded_instance_config": [
                      {
                        "enable_integrity_monitoring": true,
                        "enable_secure_boot": false
                      }
                    ],
                    "tags": [],
                    "taint": [],
                    "workload_metadata_config": []
                  }
                ],
                "node_count": 0,
                "node_locations": [
                  "europe-west1-b",
                  "europe-west1-c",
                  "europe-west1-d"
                ],
                "upgrade_settings": [
                  {
                    "max_surge": 1,
                    "max_unavailable": 0
                  }
                ],
                "version": "1.21.6-gke.1503"
              },
              {
                "autoscaling": [],
                "initial_node_count": 1,
                "instance_group_urls": [
                  "https://www.googleapis.com/compute/v1/projects/elastic-support-k8s-dev/zones/europe-west1-d/instanceGroupManagers/gke-eck-eck-frozen-578f3d7d-grp",
                  "https://www.googleapis.com/compute/v1/projects/elastic-support-k8s-dev/zones/europe-west1-b/instanceGroupManagers/gke-eck-eck-frozen-89e1b040-grp",
                  "https://www.googleapis.com/compute/v1/projects/elastic-support-k8s-dev/zones/europe-west1-c/instanceGroupManagers/gke-eck-eck-frozen-b9156206-grp"
                ],
                "managed_instance_group_urls": [
                  "https://www.googleapis.com/compute/v1/projects/elastic-support-k8s-dev/zones/europe-west1-d/instanceGroups/gke-eck-eck-frozen-578f3d7d-grp",
                  "https://www.googleapis.com/compute/v1/projects/elastic-support-k8s-dev/zones/europe-west1-b/instanceGroups/gke-eck-eck-frozen-89e1b040-grp",
                  "https://www.googleapis.com/compute/v1/projects/elastic-support-k8s-dev/zones/europe-west1-c/instanceGroups/gke-eck-eck-frozen-b9156206-grp"
                ],
                "management": [
                  {
                    "auto_repair": true,
                    "auto_upgrade": true
                  }
                ],
                "max_pods_per_node": 0,
                "name": "frozen",
                "name_prefix": "",
                "node_config": [
                  {
                    "boot_disk_kms_key": "",
                    "disk_size_gb": 100,
                    "disk_type": "pd-standard",
                    "gcfs_config": [],
                    "guest_accelerator": [],
                    "image_type": "COS_CONTAINERD",
                    "labels": {
                      "type": "frozen"
                    },
                    "local_ssd_count": 0,
                    "machine_type": "e2-medium",
                    "metadata": {
                      "disable-legacy-endpoints": "true"
                    },
                    "min_cpu_platform": "",
                    "node_group": "",
                    "oauth_scopes": [
                      "https://www.googleapis.com/auth/logging.write",
                      "https://www.googleapis.com/auth/monitoring"
                    ],
                    "preemptible": true,
                    "service_account": "default",
                    "shielded_instance_config": [
                      {
                        "enable_integrity_monitoring": true,
                        "enable_secure_boot": false
                      }
                    ],
                    "tags": [],
                    "taint": [],
                    "workload_metadata_config": []
                  }
                ],
                "node_count": 1,
                "node_locations": [
                  "europe-west1-b",
                  "europe-west1-c",
                  "europe-west1-d"
                ],
                "upgrade_settings": [
                  {
                    "max_surge": 1,
                    "max_unavailable": 0
                  }
                ],
                "version": "1.21.6-gke.1503"
              },
              {
                "autoscaling": [],
                "initial_node_count": 1,
                "instance_group_urls": [
                  "https://www.googleapis.com/compute/v1/projects/elastic-support-k8s-dev/zones/europe-west1-d/instanceGroupManagers/gke-eck-eck-hot-2d5b9948-grp",
                  "https://www.googleapis.com/compute/v1/projects/elastic-support-k8s-dev/zones/europe-west1-b/instanceGroupManagers/gke-eck-eck-hot-4ee788e5-grp",
                  "https://www.googleapis.com/compute/v1/projects/elastic-support-k8s-dev/zones/europe-west1-c/instanceGroupManagers/gke-eck-eck-hot-791b2ac7-grp"
                ],
                "managed_instance_group_urls": [
                  "https://www.googleapis.com/compute/v1/projects/elastic-support-k8s-dev/zones/europe-west1-d/instanceGroups/gke-eck-eck-hot-2d5b9948-grp",
                  "https://www.googleapis.com/compute/v1/projects/elastic-support-k8s-dev/zones/europe-west1-b/instanceGroups/gke-eck-eck-hot-4ee788e5-grp",
                  "https://www.googleapis.com/compute/v1/projects/elastic-support-k8s-dev/zones/europe-west1-c/instanceGroups/gke-eck-eck-hot-791b2ac7-grp"
                ],
                "management": [
                  {
                    "auto_repair": true,
                    "auto_upgrade": true
                  }
                ],
                "max_pods_per_node": 0,
                "name": "hot",
                "name_prefix": "",
                "node_config": [
                  {
                    "boot_disk_kms_key": "",
                    "disk_size_gb": 100,
                    "disk_type": "pd-standard",
                    "gcfs_config": [],
                    "guest_accelerator": [],
                    "image_type": "COS_CONTAINERD",
                    "labels": {
                      "type": "hot"
                    },
                    "local_ssd_count": 0,
                    "machine_type": "e2-standard-8",
                    "metadata": {
                      "disable-legacy-endpoints": "true"
                    },
                    "min_cpu_platform": "",
                    "node_group": "",
                    "oauth_scopes": [
                      "https://www.googleapis.com/auth/logging.write",
                      "https://www.googleapis.com/auth/monitoring"
                    ],
                    "preemptible": false,
                    "service_account": "default",
                    "shielded_instance_config": [
                      {
                        "enable_integrity_monitoring": true,
                        "enable_secure_boot": false
                      }
                    ],
                    "tags": [],
                    "taint": [],
                    "workload_metadata_config": []
                  }
                ],
                "node_count": 1,
                "node_locations": [
                  "europe-west1-b",
                  "europe-west1-c",
                  "europe-west1-d"
                ],
                "upgrade_settings": [
                  {
                    "max_surge": 1,
                    "max_unavailable": 0
                  }
                ],
                "version": "1.21.6-gke.1503"
              },
              {
                "autoscaling": [],
                "initial_node_count": 1,
                "instance_group_urls": [
                  "https://www.googleapis.com/compute/v1/projects/elastic-support-k8s-dev/zones/europe-west1-d/instanceGroupManagers/gke-eck-eck-cold-c15812f8-grp",
                  "https://www.googleapis.com/compute/v1/projects/elastic-support-k8s-dev/zones/europe-west1-b/instanceGroupManagers/gke-eck-eck-cold-f9f8105c-grp",
                  "https://www.googleapis.com/compute/v1/projects/elastic-support-k8s-dev/zones/europe-west1-c/instanceGroupManagers/gke-eck-eck-cold-15eb14b4-grp"
                ],
                "managed_instance_group_urls": [
                  "https://www.googleapis.com/compute/v1/projects/elastic-support-k8s-dev/zones/europe-west1-d/instanceGroups/gke-eck-eck-cold-c15812f8-grp",
                  "https://www.googleapis.com/compute/v1/projects/elastic-support-k8s-dev/zones/europe-west1-b/instanceGroups/gke-eck-eck-cold-f9f8105c-grp",
                  "https://www.googleapis.com/compute/v1/projects/elastic-support-k8s-dev/zones/europe-west1-c/instanceGroups/gke-eck-eck-cold-15eb14b4-grp"
                ],
                "management": [
                  {
                    "auto_repair": true,
                    "auto_upgrade": true
                  }
                ],
                "max_pods_per_node": 0,
                "name": "cold",
                "name_prefix": "",
                "node_config": [
                  {
                    "boot_disk_kms_key": "",
                    "disk_size_gb": 100,
                    "disk_type": "pd-standard",
                    "gcfs_config": [],
                    "guest_accelerator": [],
                    "image_type": "COS_CONTAINERD",
                    "labels": {
                      "type": "cold"
                    },
                    "local_ssd_count": 0,
                    "machine_type": "e2-standard-2",
                    "metadata": {
                      "disable-legacy-endpoints": "true"
                    },
                    "min_cpu_platform": "",
                    "node_group": "",
                    "oauth_scopes": [
                      "https://www.googleapis.com/auth/logging.write",
                      "https://www.googleapis.com/auth/monitoring"
                    ],
                    "preemptible": true,
                    "service_account": "default",
                    "shielded_instance_config": [
                      {
                        "enable_integrity_monitoring": true,
                        "enable_secure_boot": false
                      }
                    ],
                    "tags": [],
                    "taint": [],
                    "workload_metadata_config": []
                  }
                ],
                "node_count": 1,
                "node_locations": [
                  "europe-west1-b",
                  "europe-west1-c",
                  "europe-west1-d"
                ],
                "upgrade_settings": [
                  {
                    "max_surge": 1,
                    "max_unavailable": 0
                  }
                ],
                "version": "1.21.6-gke.1503"
              },
              {
                "autoscaling": [],
                "initial_node_count": 1,
                "instance_group_urls": [
                  "https://www.googleapis.com/compute/v1/projects/elastic-support-k8s-dev/zones/europe-west1-d/instanceGroupManagers/gke-eck-eck-warm-1a34b0c5-grp",
                  "https://www.googleapis.com/compute/v1/projects/elastic-support-k8s-dev/zones/europe-west1-b/instanceGroupManagers/gke-eck-eck-warm-86ad6132-grp",
                  "https://www.googleapis.com/compute/v1/projects/elastic-support-k8s-dev/zones/europe-west1-c/instanceGroupManagers/gke-eck-eck-warm-0b0198d5-grp"
                ],
                "managed_instance_group_urls": [
                  "https://www.googleapis.com/compute/v1/projects/elastic-support-k8s-dev/zones/europe-west1-d/instanceGroups/gke-eck-eck-warm-1a34b0c5-grp",
                  "https://www.googleapis.com/compute/v1/projects/elastic-support-k8s-dev/zones/europe-west1-b/instanceGroups/gke-eck-eck-warm-86ad6132-grp",
                  "https://www.googleapis.com/compute/v1/projects/elastic-support-k8s-dev/zones/europe-west1-c/instanceGroups/gke-eck-eck-warm-0b0198d5-grp"
                ],
                "management": [
                  {
                    "auto_repair": true,
                    "auto_upgrade": true
                  }
                ],
                "max_pods_per_node": 0,
                "name": "warm",
                "name_prefix": "",
                "node_config": [
                  {
                    "boot_disk_kms_key": "",
                    "disk_size_gb": 100,
                    "disk_type": "pd-standard",
                    "gcfs_config": [],
                    "guest_accelerator": [],
                    "image_type": "COS_CONTAINERD",
                    "labels": {
                      "type": "warm"
                    },
                    "local_ssd_count": 0,
                    "machine_type": "e2-standard-4",
                    "metadata": {
                      "disable-legacy-endpoints": "true"
                    },
                    "min_cpu_platform": "",
                    "node_group": "",
                    "oauth_scopes": [
                      "https://www.googleapis.com/auth/logging.write",
                      "https://www.googleapis.com/auth/monitoring"
                    ],
                    "preemptible": true,
                    "service_account": "default",
                    "shielded_instance_config": [
                      {
                        "enable_integrity_monitoring": true,
                        "enable_secure_boot": false
                      }
                    ],
                    "tags": [],
                    "taint": [],
                    "workload_metadata_config": []
                  }
                ],
                "node_count": 1,
                "node_locations": [
                  "europe-west1-b",
                  "europe-west1-c",
                  "europe-west1-d"
                ],
                "upgrade_settings": [
                  {
                    "max_surge": 1,
                    "max_unavailable": 0
                  }
                ],
                "version": "1.21.6-gke.1503"
              }
            ],
            "node_version": "1.21.6-gke.1503",
            "operation": null,
            "private_cluster_config": [],
            "private_ipv6_google_access": "",
            "project": "elastic-support-k8s-dev",
            "release_channel": [
              {
                "channel": "REGULAR"
              }
            ],
            "remove_default_node_pool": null,
            "resource_labels": {},
            "resource_usage_export_config": [],
            "self_link": "https://container.googleapis.com/v1/projects/elastic-support-k8s-dev/locations/europe-west1/clusters/eck-eck",
            "services_ipv4_cidr": "10.3.240.0/20",
            "subnetwork": "projects/elastic-support-k8s-dev/regions/europe-west1/subnetworks/default",
            "timeouts": null,
            "tpu_ipv4_cidr_block": "",
            "vertical_pod_autoscaling": [],
            "workload_identity_config": []
          },
          "sensitive_attributes": [],
          "private": "eyJlMmJmYjczMC1lY2FhLTExZTYtOGY4OC0zNDM2M2JjN2M0YzAiOnsiY3JlYXRlIjoyNDAwMDAwMDAwMDAwLCJkZWxldGUiOjI0MDAwMDAwMDAwMDAsInJlYWQiOjI0MDAwMDAwMDAwMDAsInVwZGF0ZSI6MzYwMDAwMDAwMDAwMH0sInNjaGVtYV92ZXJzaW9uIjoiMSJ9"
        }
      ]
    },
    {
      "mode": "managed",
      "type": "google_container_node_pool",
      "name": "cold",
      "provider": "provider[\"registry.terraform.io/hashicorp/google\"]",
      "instances": [
        {
          "schema_version": 1,
          "attributes": {
            "autoscaling": [],
            "cluster": "projects/elastic-support-k8s-dev/locations/europe-west1/clusters/eck-eck",
            "id": "projects/elastic-support-k8s-dev/locations/europe-west1/clusters/eck-eck/nodePools/cold",
            "initial_node_count": 1,
            "instance_group_urls": [
              "https://www.googleapis.com/compute/v1/projects/elastic-support-k8s-dev/zones/europe-west1-d/instanceGroupManagers/gke-eck-eck-cold-c15812f8-grp",
              "https://www.googleapis.com/compute/v1/projects/elastic-support-k8s-dev/zones/europe-west1-b/instanceGroupManagers/gke-eck-eck-cold-f9f8105c-grp",
              "https://www.googleapis.com/compute/v1/projects/elastic-support-k8s-dev/zones/europe-west1-c/instanceGroupManagers/gke-eck-eck-cold-15eb14b4-grp"
            ],
            "location": "europe-west1",
            "managed_instance_group_urls": [
              "https://www.googleapis.com/compute/v1/projects/elastic-support-k8s-dev/zones/europe-west1-d/instanceGroups/gke-eck-eck-cold-c15812f8-grp",
              "https://www.googleapis.com/compute/v1/projects/elastic-support-k8s-dev/zones/europe-west1-b/instanceGroups/gke-eck-eck-cold-f9f8105c-grp",
              "https://www.googleapis.com/compute/v1/projects/elastic-support-k8s-dev/zones/europe-west1-c/instanceGroups/gke-eck-eck-cold-15eb14b4-grp"
            ],
            "management": [
              {
                "auto_repair": true,
                "auto_upgrade": true
              }
            ],
            "max_pods_per_node": null,
            "name": "cold",
            "name_prefix": "",
            "node_config": [
              {
                "boot_disk_kms_key": "",
                "disk_size_gb": 100,
                "disk_type": "pd-standard",
                "gcfs_config": [],
                "guest_accelerator": [],
                "image_type": "COS_CONTAINERD",
                "labels": {
                  "type": "cold"
                },
                "local_ssd_count": 0,
                "machine_type": "e2-standard-2",
                "metadata": {
                  "disable-legacy-endpoints": "true"
                },
                "min_cpu_platform": "",
                "node_group": "",
                "oauth_scopes": [
                  "https://www.googleapis.com/auth/logging.write",
                  "https://www.googleapis.com/auth/monitoring"
                ],
                "preemptible": true,
                "service_account": "default",
                "shielded_instance_config": [
                  {
                    "enable_integrity_monitoring": true,
                    "enable_secure_boot": false
                  }
                ],
                "tags": [],
                "taint": [],
                "workload_metadata_config": []
              }
            ],
            "node_count": 1,
            "node_locations": [
              "europe-west1-b",
              "europe-west1-c",
              "europe-west1-d"
            ],
            "operation": null,
            "project": "elastic-support-k8s-dev",
            "timeouts": null,
            "upgrade_settings": [
              {
                "max_surge": 1,
                "max_unavailable": 0
              }
            ],
            "version": "1.21.6-gke.1503"
          },
          "sensitive_attributes": [],
          "private": "eyJlMmJmYjczMC1lY2FhLTExZTYtOGY4OC0zNDM2M2JjN2M0YzAiOnsiY3JlYXRlIjoxODAwMDAwMDAwMDAwLCJkZWxldGUiOjE4MDAwMDAwMDAwMDAsInVwZGF0ZSI6MTgwMDAwMDAwMDAwMH0sInNjaGVtYV92ZXJzaW9uIjoiMSJ9",
          "dependencies": [
            "google_container_cluster._"
          ]
        }
      ]
    },
    {
      "mode": "managed",
      "type": "google_container_node_pool",
      "name": "frozen",
      "provider": "provider[\"registry.terraform.io/hashicorp/google\"]",
      "instances": [
        {
          "schema_version": 1,
          "attributes": {
            "autoscaling": [],
            "cluster": "projects/elastic-support-k8s-dev/locations/europe-west1/clusters/eck-eck",
            "id": "projects/elastic-support-k8s-dev/locations/europe-west1/clusters/eck-eck/nodePools/frozen",
            "initial_node_count": 1,
            "instance_group_urls": [
              "https://www.googleapis.com/compute/v1/projects/elastic-support-k8s-dev/zones/europe-west1-d/instanceGroupManagers/gke-eck-eck-frozen-578f3d7d-grp",
              "https://www.googleapis.com/compute/v1/projects/elastic-support-k8s-dev/zones/europe-west1-b/instanceGroupManagers/gke-eck-eck-frozen-89e1b040-grp",
              "https://www.googleapis.com/compute/v1/projects/elastic-support-k8s-dev/zones/europe-west1-c/instanceGroupManagers/gke-eck-eck-frozen-b9156206-grp"
            ],
            "location": "europe-west1",
            "managed_instance_group_urls": [
              "https://www.googleapis.com/compute/v1/projects/elastic-support-k8s-dev/zones/europe-west1-d/instanceGroups/gke-eck-eck-frozen-578f3d7d-grp",
              "https://www.googleapis.com/compute/v1/projects/elastic-support-k8s-dev/zones/europe-west1-b/instanceGroups/gke-eck-eck-frozen-89e1b040-grp",
              "https://www.googleapis.com/compute/v1/projects/elastic-support-k8s-dev/zones/europe-west1-c/instanceGroups/gke-eck-eck-frozen-b9156206-grp"
            ],
            "management": [
              {
                "auto_repair": true,
                "auto_upgrade": true
              }
            ],
            "max_pods_per_node": null,
            "name": "frozen",
            "name_prefix": "",
            "node_config": [
              {
                "boot_disk_kms_key": "",
                "disk_size_gb": 100,
                "disk_type": "pd-standard",
                "gcfs_config": [],
                "guest_accelerator": [],
                "image_type": "COS_CONTAINERD",
                "labels": {
                  "type": "frozen"
                },
                "local_ssd_count": 0,
                "machine_type": "e2-medium",
                "metadata": {
                  "disable-legacy-endpoints": "true"
                },
                "min_cpu_platform": "",
                "node_group": "",
                "oauth_scopes": [
                  "https://www.googleapis.com/auth/logging.write",
                  "https://www.googleapis.com/auth/monitoring"
                ],
                "preemptible": true,
                "service_account": "default",
                "shielded_instance_config": [
                  {
                    "enable_integrity_monitoring": true,
                    "enable_secure_boot": false
                  }
                ],
                "tags": [],
                "taint": [],
                "workload_metadata_config": []
              }
            ],
            "node_count": 1,
            "node_locations": [
              "europe-west1-b",
              "europe-west1-c",
              "europe-west1-d"
            ],
            "operation": null,
            "project": "elastic-support-k8s-dev",
            "timeouts": null,
            "upgrade_settings": [
              {
                "max_surge": 1,
                "max_unavailable": 0
              }
            ],
            "version": "1.21.6-gke.1503"
          },
          "sensitive_attributes": [],
          "private": "eyJlMmJmYjczMC1lY2FhLTExZTYtOGY4OC0zNDM2M2JjN2M0YzAiOnsiY3JlYXRlIjoxODAwMDAwMDAwMDAwLCJkZWxldGUiOjE4MDAwMDAwMDAwMDAsInVwZGF0ZSI6MTgwMDAwMDAwMDAwMH0sInNjaGVtYV92ZXJzaW9uIjoiMSJ9",
          "dependencies": [
            "google_container_cluster._"
          ]
        }
      ]
    },
    {
      "mode": "managed",
      "type": "google_container_node_pool",
      "name": "hot",
      "provider": "provider[\"registry.terraform.io/hashicorp/google\"]",
      "instances": [
        {
          "schema_version": 1,
          "attributes": {
            "autoscaling": [],
            "cluster": "projects/elastic-support-k8s-dev/locations/europe-west1/clusters/eck-eck",
            "id": "projects/elastic-support-k8s-dev/locations/europe-west1/clusters/eck-eck/nodePools/hot",
            "initial_node_count": 1,
            "instance_group_urls": [
              "https://www.googleapis.com/compute/v1/projects/elastic-support-k8s-dev/zones/europe-west1-d/instanceGroupManagers/gke-eck-eck-hot-2d5b9948-grp",
              "https://www.googleapis.com/compute/v1/projects/elastic-support-k8s-dev/zones/europe-west1-b/instanceGroupManagers/gke-eck-eck-hot-4ee788e5-grp",
              "https://www.googleapis.com/compute/v1/projects/elastic-support-k8s-dev/zones/europe-west1-c/instanceGroupManagers/gke-eck-eck-hot-791b2ac7-grp"
            ],
            "location": "europe-west1",
            "managed_instance_group_urls": [
              "https://www.googleapis.com/compute/v1/projects/elastic-support-k8s-dev/zones/europe-west1-d/instanceGroups/gke-eck-eck-hot-2d5b9948-grp",
              "https://www.googleapis.com/compute/v1/projects/elastic-support-k8s-dev/zones/europe-west1-b/instanceGroups/gke-eck-eck-hot-4ee788e5-grp",
              "https://www.googleapis.com/compute/v1/projects/elastic-support-k8s-dev/zones/europe-west1-c/instanceGroups/gke-eck-eck-hot-791b2ac7-grp"
            ],
            "management": [
              {
                "auto_repair": true,
                "auto_upgrade": true
              }
            ],
            "max_pods_per_node": null,
            "name": "hot",
            "name_prefix": "",
            "node_config": [
              {
                "boot_disk_kms_key": "",
                "disk_size_gb": 100,
                "disk_type": "pd-standard",
                "gcfs_config": [],
                "guest_accelerator": [],
                "image_type": "COS_CONTAINERD",
                "labels": {
                  "type": "hot"
                },
                "local_ssd_count": 0,
                "machine_type": "e2-standard-8",
                "metadata": {
                  "disable-legacy-endpoints": "true"
                },
                "min_cpu_platform": "",
                "node_group": "",
                "oauth_scopes": [
                  "https://www.googleapis.com/auth/logging.write",
                  "https://www.googleapis.com/auth/monitoring"
                ],
                "preemptible": false,
                "service_account": "default",
                "shielded_instance_config": [
                  {
                    "enable_integrity_monitoring": true,
                    "enable_secure_boot": false
                  }
                ],
                "tags": [],
                "taint": [],
                "workload_metadata_config": []
              }
            ],
            "node_count": 1,
            "node_locations": [
              "europe-west1-b",
              "europe-west1-c",
              "europe-west1-d"
            ],
            "operation": null,
            "project": "elastic-support-k8s-dev",
            "timeouts": null,
            "upgrade_settings": [
              {
                "max_surge": 1,
                "max_unavailable": 0
              }
            ],
            "version": "1.21.6-gke.1503"
          },
          "sensitive_attributes": [],
          "private": "eyJlMmJmYjczMC1lY2FhLTExZTYtOGY4OC0zNDM2M2JjN2M0YzAiOnsiY3JlYXRlIjoxODAwMDAwMDAwMDAwLCJkZWxldGUiOjE4MDAwMDAwMDAwMDAsInVwZGF0ZSI6MTgwMDAwMDAwMDAwMH0sInNjaGVtYV92ZXJzaW9uIjoiMSJ9",
          "dependencies": [
            "google_container_cluster._"
          ]
        }
      ]
    },
    {
      "mode": "managed",
      "type": "google_container_node_pool",
      "name": "warm",
      "provider": "provider[\"registry.terraform.io/hashicorp/google\"]",
      "instances": [
        {
          "schema_version": 1,
          "attributes": {
            "autoscaling": [],
            "cluster": "projects/elastic-support-k8s-dev/locations/europe-west1/clusters/eck-eck",
            "id": "projects/elastic-support-k8s-dev/locations/europe-west1/clusters/eck-eck/nodePools/warm",
            "initial_node_count": 1,
            "instance_group_urls": [
              "https://www.googleapis.com/compute/v1/projects/elastic-support-k8s-dev/zones/europe-west1-d/instanceGroupManagers/gke-eck-eck-warm-1a34b0c5-grp",
              "https://www.googleapis.com/compute/v1/projects/elastic-support-k8s-dev/zones/europe-west1-b/instanceGroupManagers/gke-eck-eck-warm-86ad6132-grp",
              "https://www.googleapis.com/compute/v1/projects/elastic-support-k8s-dev/zones/europe-west1-c/instanceGroupManagers/gke-eck-eck-warm-0b0198d5-grp"
            ],
            "location": "europe-west1",
            "managed_instance_group_urls": [
              "https://www.googleapis.com/compute/v1/projects/elastic-support-k8s-dev/zones/europe-west1-d/instanceGroups/gke-eck-eck-warm-1a34b0c5-grp",
              "https://www.googleapis.com/compute/v1/projects/elastic-support-k8s-dev/zones/europe-west1-b/instanceGroups/gke-eck-eck-warm-86ad6132-grp",
              "https://www.googleapis.com/compute/v1/projects/elastic-support-k8s-dev/zones/europe-west1-c/instanceGroups/gke-eck-eck-warm-0b0198d5-grp"
            ],
            "management": [
              {
                "auto_repair": true,
                "auto_upgrade": true
              }
            ],
            "max_pods_per_node": null,
            "name": "warm",
            "name_prefix": "",
            "node_config": [
              {
                "boot_disk_kms_key": "",
                "disk_size_gb": 100,
                "disk_type": "pd-standard",
                "gcfs_config": [],
                "guest_accelerator": [],
                "image_type": "COS_CONTAINERD",
                "labels": {
                  "type": "warm"
                },
                "local_ssd_count": 0,
                "machine_type": "e2-standard-4",
                "metadata": {
                  "disable-legacy-endpoints": "true"
                },
                "min_cpu_platform": "",
                "node_group": "",
                "oauth_scopes": [
                  "https://www.googleapis.com/auth/logging.write",
                  "https://www.googleapis.com/auth/monitoring"
                ],
                "preemptible": true,
                "service_account": "default",
                "shielded_instance_config": [
                  {
                    "enable_integrity_monitoring": true,
                    "enable_secure_boot": false
                  }
                ],
                "tags": [],
                "taint": [],
                "workload_metadata_config": []
              }
            ],
            "node_count": 1,
            "node_locations": [
              "europe-west1-b",
              "europe-west1-c",
              "europe-west1-d"
            ],
            "operation": null,
            "project": "elastic-support-k8s-dev",
            "timeouts": null,
            "upgrade_settings": [
              {
                "max_surge": 1,
                "max_unavailable": 0
              }
            ],
            "version": "1.21.6-gke.1503"
          },
          "sensitive_attributes": [],
          "private": "eyJlMmJmYjczMC1lY2FhLTExZTYtOGY4OC0zNDM2M2JjN2M0YzAiOnsiY3JlYXRlIjoxODAwMDAwMDAwMDAwLCJkZWxldGUiOjE4MDAwMDAwMDAwMDAsInVwZGF0ZSI6MTgwMDAwMDAwMDAwMH0sInNjaGVtYV92ZXJzaW9uIjoiMSJ9",
          "dependencies": [
            "google_container_cluster._"
          ]
        }
      ]
    }
  ]
}
